
Microsoft Visual Studio Solution File, Format Version 12.00
# Visual Studio Version 16
VisualStudioVersion = 16.0.32002.261
MinimumVisualStudioVersion = 10.0.40219.1
Project("{FAE04EC0-301F-11D3-BF4B-00C04F79EFBC}") = "BethanysPieShopHRM.App", "BethanysPieShopHRM.App\BethanysPieShopHRM.App.csproj", "{9E6DE131-FA83-40F2-89A3-9A66B75BF977}"
EndProject
Global
	GlobalSection(SolutionConfigurationPlatforms) = preSolution
		Debug|Any CPU = Debug|Any CPU
		Release|Any CPU = Release|Any CPU
	EndGlobalSection
	GlobalSection(ProjectConfigurationPlatforms) = postSolution
		{9E6DE131-FA83-40F2-89A3-9A66B75BF977}.Debug|Any CPU.ActiveCfg = Debug|Any CPU
		{9E6DE131-FA83-40F2-89A3-9A66B75BF977}.Debug|Any CPU.Build.0 = Debug|Any CPU
		{9E6DE131-FA83-40F2-89A3-9A66B75BF977}.Release|Any CPU.ActiveCfg = Release|Any CPU
		{9E6DE131-FA83-40F2-89A3-9A66B75BF977}.Release|Any CPU.Build.0 = Release|Any CPU
	EndGlobalSection
	GlobalSection(SolutionProperties) = preSolution
		HideSolutionNode = FALSE
	EndGlobalSection
	GlobalSection(ExtensibilityGlobals) = postSolution
		SolutionGuid = {24BBE41E-FF4A-47AB-B53C-05D0CE5F12B7}
	EndGlobalSection
EndGlobal
